
Microsoft Visual Studio Solution File, Format Version 11.00
# Visual Studio 2010
Project("{FAE04EC0-301F-11D3-BF4B-00C04F79EFBC}") = "Assembly-CSharp", "Assembly-CSharp.csproj", "{e1c1346a-fee5-5803-5c80-15b7d5944853}"
EndProject
Project("{FAE04EC0-301F-11D3-BF4B-00C04F79EFBC}") = "Tests", "Tests.csproj", "{91300b37-f2b7-bb0a-4be2-f77e9756da44}"
EndProject
Global
	GlobalSection(SolutionConfigurationPlatforms) = preSolution
		Debug|Any CPU = Debug|Any CPU
	EndGlobalSection
	GlobalSection(ProjectConfigurationPlatforms) = postSolution
		{e1c1346a-fee5-5803-5c80-15b7d5944853}.Debug|Any CPU.ActiveCfg = Debug|Any CPU
		{e1c1346a-fee5-5803-5c80-15b7d5944853}.Debug|Any CPU.Build.0 = Debug|Any CPU
		{91300b37-f2b7-bb0a-4be2-f77e9756da44}.Debug|Any CPU.ActiveCfg = Debug|Any CPU
		{91300b37-f2b7-bb0a-4be2-f77e9756da44}.Debug|Any CPU.Build.0 = Debug|Any CPU
	EndGlobalSection
	GlobalSection(SolutionProperties) = preSolution
		HideSolutionNode = FALSE
	EndGlobalSection
EndGlobal
